
Microsoft Visual Studio Solution File, Format Version 12.00
# Visual Studio Version 16
VisualStudioVersion = 16.0.808.5
MinimumVisualStudioVersion = 10.0.40219.1
Project("{FAE04EC0-301F-11D3-BF4B-00C04F79EFBC}") = "DeskOfCards", "DeskOfCards\DeskOfCards.csproj", "{9814D1D5-D277-49E0-BA95-AA55D9CCFFE5}"
EndProject
Global
	GlobalSection(SolutionConfigurationPlatforms) = preSolution
		Debug|Any CPU = Debug|Any CPU
		Release|Any CPU = Release|Any CPU
	EndGlobalSection
	GlobalSection(ProjectConfigurationPlatforms) = postSolution
		{9814D1D5-D277-49E0-BA95-AA55D9CCFFE5}.Debug|Any CPU.ActiveCfg = Debug|Any CPU
		{9814D1D5-D277-49E0-BA95-AA55D9CCFFE5}.Debug|Any CPU.Build.0 = Debug|Any CPU
		{9814D1D5-D277-49E0-BA95-AA55D9CCFFE5}.Release|Any CPU.ActiveCfg = Release|Any CPU
		{9814D1D5-D277-49E0-BA95-AA55D9CCFFE5}.Release|Any CPU.Build.0 = Release|Any CPU
	EndGlobalSection
	GlobalSection(SolutionProperties) = preSolution
		HideSolutionNode = FALSE
	EndGlobalSection
	GlobalSection(ExtensibilityGlobals) = postSolution
		SolutionGuid = {17202B58-454C-40A6-93D5-062A4F8384DD}
	EndGlobalSection
EndGlobal
